// !$*UTF8*$!
{
	archiveVersion = 1;
	classes = {
	};
	objectVersion = 50;
	objects = {

/* Begin PBXBuildFile section */
		27C970E82629E45B00A3F5F1 /* AppDelegate.swift in Sources */ = {isa = PBXBuildFile; fileRef = 27C970E72629E45B00A3F5F1 /* AppDelegate.swift */; };
		27C970EA2629E45B00A3F5F1 /* SceneDelegate.swift in Sources */ = {isa = PBXBuildFile; fileRef = 27C970E92629E45B00A3F5F1 /* SceneDelegate.swift */; };
		27C970EC2629E45B00A3F5F1 /* ViewController.swift in Sources */ = {isa = PBXBuildFile; fileRef = 27C970EB2629E45B00A3F5F1 /* ViewController.swift */; };
		27C970EF2629E45B00A3F5F1 /* Main.storyboard in Resources */ = {isa = PBXBuildFile; fileRef = 27C970ED2629E45B00A3F5F1 /* Main.storyboard */; };
		27C970F12629E45F00A3F5F1 /* Assets.xcassets in Resources */ = {isa = PBXBuildFile; fileRef = 27C970F02629E45F00A3F5F1 /* Assets.xcassets */; };
		27C970F42629E45F00A3F5F1 /* LaunchScreen.storyboard in Resources */ = {isa = PBXBuildFile; fileRef = 27C970F22629E45F00A3F5F1 /* LaunchScreen.storyboard */; };
		27C970FF2629E46000A3F5F1 /* WatchSTOXTests.swift in Sources */ = {isa = PBXBuildFile; fileRef = 27C970FE2629E46000A3F5F1 /* WatchSTOXTests.swift */; };
		27C9710A2629E46000A3F5F1 /* WatchSTOXUITests.swift in Sources */ = {isa = PBXBuildFile; fileRef = 27C971092629E46000A3F5F1 /* WatchSTOXUITests.swift */; };
/* End PBXBuildFile section */

/* Begin PBXContainerItemProxy section */
		27C970FB2629E46000A3F5F1 /* PBXContainerItemProxy */ = {
			isa = PBXContainerItemProxy;
			containerPortal = 27C970DC2629E45B00A3F5F1 /* Project object */;
			proxyType = 1;
			remoteGlobalIDString = 27C970E32629E45B00A3F5F1;
			remoteInfo = WatchSTOX;
		};
		27C971062629E46000A3F5F1 /* PBXContainerItemProxy */ = {
			isa = PBXContainerItemProxy;
			containerPortal = 27C970DC2629E45B00A3F5F1 /* Project object */;
			proxyType = 1;
			remoteGlobalIDString = 27C970E32629E45B00A3F5F1;
			remoteInfo = WatchSTOX;
		};
/* End PBXContainerItemProxy section */

/* Begin PBXFileReference section */
		27C970E42629E45B00A3F5F1 /* WatchSTOX.app */ = {isa = PBXFileReference; explicitFileType = wrapper.application; includeInIndex = 0; path = WatchSTOX.app; sourceTree = BUILT_PRODUCTS_DIR; };
		27C970E72629E45B00A3F5F1 /* AppDelegate.swift */ = {isa = PBXFileReference; lastKnownFileType = sourcecode.swift; path = AppDelegate.swift; sourceTree = "<group>"; };
		27C970E92629E45B00A3F5F1 /* SceneDelegate.swift */ = {isa = PBXFileReference; lastKnownFileType = sourcecode.swift; path = SceneDelegate.swift; sourceTree = "<group>"; };
		27C970EB2629E45B00A3F5F1 /* ViewController.swift */ = {isa = PBXFileReference; lastKnownFileType = sourcecode.swift; path = ViewController.swift; sourceTree = "<group>"; };
		27C970EE2629E45B00A3F5F1 /* Base */ = {isa = PBXFileReference; lastKnownFileType = file.storyboard; name = Base; path = Base.lproj/Main.storyboard; sourceTree = "<group>"; };
		27C970F02629E45F00A3F5F1 /* Assets.xcassets */ = {isa = PBXFileReference; lastKnownFileType = folder.assetcatalog; path = Assets.xcassets; sourceTree = "<group>"; };
		27C970F32629E45F00A3F5F1 /* Base */ = {isa = PBXFileReference; lastKnownFileType = file.storyboard; name = Base; path = Base.lproj/LaunchScreen.storyboard; sourceTree = "<group>"; };
		27C970F52629E45F00A3F5F1 /* Info.plist */ = {isa = PBXFileReference; lastKnownFileType = text.plist.xml; path = Info.plist; sourceTree = "<group>"; };
		27C970FA2629E46000A3F5F1 /* WatchSTOXTests.xctest */ = {isa = PBXFileReference; explicitFileType = wrapper.cfbundle; includeInIndex = 0; path = WatchSTOXTests.xctest; sourceTree = BUILT_PRODUCTS_DIR; };
		27C970FE2629E46000A3F5F1 /* WatchSTOXTests.swift */ = {isa = PBXFileReference; lastKnownFileType = sourcecode.swift; path = WatchSTOXTests.swift; sourceTree = "<group>"; };
		27C971002629E46000A3F5F1 /* Info.plist */ = {isa = PBXFileReference; lastKnownFileType = text.plist.xml; path = Info.plist; sourceTree = "<group>"; };
		27C971052629E46000A3F5F1 /* WatchSTOXUITests.xctest */ = {isa = PBXFileReference; explicitFileType = wrapper.cfbundle; includeInIndex = 0; path = WatchSTOXUITests.xctest; sourceTree = BUILT_PRODUCTS_DIR; };
		27C971092629E46000A3F5F1 /* WatchSTOXUITests.swift */ = {isa = PBXFileReference; lastKnownFileType = sourcecode.swift; path = WatchSTOXUITests.swift; sourceTree = "<group>"; };
		27C9710B2629E46000A3F5F1 /* Info.plist */ = {isa = PBXFileReference; lastKnownFileType = text.plist.xml; path = Info.plist; sourceTree = "<group>"; };
/* End PBXFileReference section */

/* Begin PBXFrameworksBuildPhase section */
		27C970E12629E45B00A3F5F1 /* Frameworks */ = {
			isa = PBXFrameworksBuildPhase;
			buildActionMask = 2147483647;
			files = (
			);
			runOnlyForDeploymentPostprocessing = 0;
		};
		27C970F72629E46000A3F5F1 /* Frameworks */ = {
			isa = PBXFrameworksBuildPhase;
			buildActionMask = 2147483647;
			files = (
			);
			runOnlyForDeploymentPostprocessing = 0;
		};
		27C971022629E46000A3F5F1 /* Frameworks */ = {
			isa = PBXFrameworksBuildPhase;
			buildActionMask = 2147483647;
			files = (
			);
			runOnlyForDeploymentPostprocessing = 0;
		};
/* End PBXFrameworksBuildPhase section */

/* Begin PBXGroup section */
		27C970DB2629E45B00A3F5F1 = {
			isa = PBXGroup;
			children = (
				27C970E62629E45B00A3F5F1 /* WatchSTOX */,
				27C970FD2629E46000A3F5F1 /* WatchSTOXTests */,
				27C971082629E46000A3F5F1 /* WatchSTOXUITests */,
				27C970E52629E45B00A3F5F1 /* Products */,
			);
			sourceTree = "<group>";
		};
		27C970E52629E45B00A3F5F1 /* Products */ = {
			isa = PBXGroup;
			children = (
				27C970E42629E45B00A3F5F1 /* WatchSTOX.app */,
				27C970FA2629E46000A3F5F1 /* WatchSTOXTests.xctest */,
				27C971052629E46000A3F5F1 /* WatchSTOXUITests.xctest */,
			);
			name = Products;
			sourceTree = "<group>";
		};
		27C970E62629E45B00A3F5F1 /* WatchSTOX */ = {
			isa = PBXGroup;
			children = (
				27C970E72629E45B00A3F5F1 /* AppDelegate.swift */,
				27C970E92629E45B00A3F5F1 /* SceneDelegate.swift */,
				27C970EB2629E45B00A3F5F1 /* ViewController.swift */,
				27C970ED2629E45B00A3F5F1 /* Main.storyboard */,
				27C970F02629E45F00A3F5F1 /* Assets.xcassets */,
				27C970F22629E45F00A3F5F1 /* LaunchScreen.storyboard */,
				27C970F52629E45F00A3F5F1 /* Info.plist */,
			);
			path = WatchSTOX;
			sourceTree = "<group>";
		};
		27C970FD2629E46000A3F5F1 /* WatchSTOXTests */ = {
			isa = PBXGroup;
			children = (
				27C970FE2629E46000A3F5F1 /* WatchSTOXTests.swift */,
				27C971002629E46000A3F5F1 /* Info.plist */,
			);
			path = WatchSTOXTests;
			sourceTree = "<group>";
		};
		27C971082629E46000A3F5F1 /* WatchSTOXUITests */ = {
			isa = PBXGroup;
			children = (
				27C971092629E46000A3F5F1 /* WatchSTOXUITests.swift */,
				27C9710B2629E46000A3F5F1 /* Info.plist */,
			);
			path = WatchSTOXUITests;
			sourceTree = "<group>";
		};
/* End PBXGroup section */

/* Begin PBXNativeTarget section */
		27C970E32629E45B00A3F5F1 /* WatchSTOX */ = {
			isa = PBXNativeTarget;
			buildConfigurationList = 27C9710E2629E46000A3F5F1 /* Build configuration list for PBXNativeTarget "WatchSTOX" */;
			buildPhases = (
				27C970E02629E45B00A3F5F1 /* Sources */,
				27C970E12629E45B00A3F5F1 /* Frameworks */,
				27C970E22629E45B00A3F5F1 /* Resources */,
			);
			buildRules = (
			);
			dependencies = (
			);
			name = WatchSTOX;
			productName = WatchSTOX;
			productReference = 27C970E42629E45B00A3F5F1 /* WatchSTOX.app */;
			productType = "com.apple.product-type.application";
		};
		27C970F92629E46000A3F5F1 /* WatchSTOXTests */ = {
			isa = PBXNativeTarget;
			buildConfigurationList = 27C971112629E46000A3F5F1 /* Build configuration list for PBXNativeTarget "WatchSTOXTests" */;
			buildPhases = (
				27C970F62629E46000A3F5F1 /* Sources */,
				27C970F72629E46000A3F5F1 /* Frameworks */,
				27C970F82629E46000A3F5F1 /* Resources */,
			);
			buildRules = (
			);
			dependencies = (
				27C970FC2629E46000A3F5F1 /* PBXTargetDependency */,
			);
			name = WatchSTOXTests;
			productName = WatchSTOXTests;
			productReference = 27C970FA2629E46000A3F5F1 /* WatchSTOXTests.xctest */;
			productType = "com.apple.product-type.bundle.unit-test";
		};
		27C971042629E46000A3F5F1 /* WatchSTOXUITests */ = {
			isa = PBXNativeTarget;
			buildConfigurationList = 27C971142629E46000A3F5F1 /* Build configuration list for PBXNativeTarget "WatchSTOXUITests" */;
			buildPhases = (
				27C971012629E46000A3F5F1 /* Sources */,
				27C971022629E46000A3F5F1 /* Frameworks */,
				27C971032629E46000A3F5F1 /* Resources */,
			);
			buildRules = (
			);
			dependencies = (
				27C971072629E46000A3F5F1 /* PBXTargetDependency */,
			);
			name = WatchSTOXUITests;
			productName = WatchSTOXUITests;
			productReference = 27C971052629E46000A3F5F1 /* WatchSTOXUITests.xctest */;
			productType = "com.apple.product-type.bundle.ui-testing";
		};
/* End PBXNativeTarget section */

/* Begin PBXProject section */
		27C970DC2629E45B00A3F5F1 /* Project object */ = {
			isa = PBXProject;
			attributes = {
				LastSwiftUpdateCheck = 1240;
				LastUpgradeCheck = 1240;
				TargetAttributes = {
					27C970E32629E45B00A3F5F1 = {
						CreatedOnToolsVersion = 12.4;
					};
					27C970F92629E46000A3F5F1 = {
						CreatedOnToolsVersion = 12.4;
						TestTargetID = 27C970E32629E45B00A3F5F1;
					};
					27C971042629E46000A3F5F1 = {
						CreatedOnToolsVersion = 12.4;
						TestTargetID = 27C970E32629E45B00A3F5F1;
					};
				};
			};
			buildConfigurationList = 27C970DF2629E45B00A3F5F1 /* Build configuration list for PBXProject "WatchSTOX" */;
			compatibilityVersion = "Xcode 9.3";
			developmentRegion = en;
			hasScannedForEncodings = 0;
			knownRegions = (
				en,
				Base,
			);
			mainGroup = 27C970DB2629E45B00A3F5F1;
			productRefGroup = 27C970E52629E45B00A3F5F1 /* Products */;
			projectDirPath = "";
			projectRoot = "";
			targets = (
				27C970E32629E45B00A3F5F1 /* WatchSTOX */,
				27C970F92629E46000A3F5F1 /* WatchSTOXTests */,
				27C971042629E46000A3F5F1 /* WatchSTOXUITests */,
			);
		};
/* End PBXProject section */

/* Begin PBXResourcesBuildPhase section */
		27C970E22629E45B00A3F5F1 /* Resources */ = {
			isa = PBXResourcesBuildPhase;
			buildActionMask = 2147483647;
			files = (
				27C970F42629E45F00A3F5F1 /* LaunchScreen.storyboard in Resources */,
				27C970F12629E45F00A3F5F1 /* Assets.xcassets in Resources */,
				27C970EF2629E45B00A3F5F1 /* Main.storyboard in Resources */,
			);
			runOnlyForDeploymentPostprocessing = 0;
		};
		27C970F82629E46000A3F5F1 /* Resources */ = {
			isa = PBXResourcesBuildPhase;
			buildActionMask = 2147483647;
			files = (
			);
			runOnlyForDeploymentPostprocessing = 0;
		};
		27C971032629E46000A3F5F1 /* Resources */ = {
			isa = PBXResourcesBuildPhase;
			buildActionMask = 2147483647;
			files = (
			);
			runOnlyForDeploymentPostprocessing = 0;
		};
/* End PBXResourcesBuildPhase section */

/* Begin PBXSourcesBuildPhase section */
		27C970E02629E45B00A3F5F1 /* Sources */ = {
			isa = PBXSourcesBuildPhase;
			buildActionMask = 2147483647;
			files = (
				27C970EC2629E45B00A3F5F1 /* ViewController.swift in Sources */,
				27C970E82629E45B00A3F5F1 /* AppDelegate.swift in Sources */,
				27C970EA2629E45B00A3F5F1 /* SceneDelegate.swift in Sources */,
			);
			runOnlyForDeploymentPostprocessing = 0;
		};
		27C970F62629E46000A3F5F1 /* Sources */ = {
			isa = PBXSourcesBuildPhase;
			buildActionMask = 2147483647;
			files = (
				27C970FF2629E46000A3F5F1 /* WatchSTOXTests.swift in Sources */,
			);
			runOnlyForDeploymentPostprocessing = 0;
		};
		27C971012629E46000A3F5F1 /* Sources */ = {
			isa = PBXSourcesBuildPhase;
			buildActionMask = 2147483647;
			files = (
				27C9710A2629E46000A3F5F1 /* WatchSTOXUITests.swift in Sources */,
			);
			runOnlyForDeploymentPostprocessing = 0;
		};
/* End PBXSourcesBuildPhase section */

/* Begin PBXTargetDependency section */
		27C970FC2629E46000A3F5F1 /* PBXTargetDependency */ = {
			isa = PBXTargetDependency;
			target = 27C970E32629E45B00A3F5F1 /* WatchSTOX */;
			targetProxy = 27C970FB2629E46000A3F5F1 /* PBXContainerItemProxy */;
		};
		27C971072629E46000A3F5F1 /* PBXTargetDependency */ = {
			isa = PBXTargetDependency;
			target = 27C970E32629E45B00A3F5F1 /* WatchSTOX */;
			targetProxy = 27C971062629E46000A3F5F1 /* PBXContainerItemProxy */;
		};
/* End PBXTargetDependency section */

/* Begin PBXVariantGroup section */
		27C970ED2629E45B00A3F5F1 /* Main.storyboard */ = {
			isa = PBXVariantGroup;
			children = (
				27C970EE2629E45B00A3F5F1 /* Base */,
			);
			name = Main.storyboard;
			sourceTree = "<group>";
		};
		27C970F22629E45F00A3F5F1 /* LaunchScreen.storyboard */ = {
			isa = PBXVariantGroup;
			children = (
				27C970F32629E45F00A3F5F1 /* Base */,
			);
			name = LaunchScreen.storyboard;
			sourceTree = "<group>";
		};
/* End PBXVariantGroup section */

/* Begin XCBuildConfiguration section */
		27C9710C2629E46000A3F5F1 /* Debug */ = {
			isa = XCBuildConfiguration;
			buildSettings = {
				ALWAYS_SEARCH_USER_PATHS = NO;
				CLANG_ANALYZER_NONNULL = YES;
				CLANG_ANALYZER_NUMBER_OBJECT_CONVERSION = YES_AGGRESSIVE;
				CLANG_CXX_LANGUAGE_STANDARD = "gnu++14";
				CLANG_CXX_LIBRARY = "libc++";
				CLANG_ENABLE_MODULES = YES;
				CLANG_ENABLE_OBJC_ARC = YES;
				CLANG_ENABLE_OBJC_WEAK = YES;
				CLANG_WARN_BLOCK_CAPTURE_AUTORELEASING = YES;
				CLANG_WARN_BOOL_CONVERSION = YES;
				CLANG_WARN_COMMA = YES;
				CLANG_WARN_CONSTANT_CONVERSION = YES;
				CLANG_WARN_DEPRECATED_OBJC_IMPLEMENTATIONS = YES;
				CLANG_WARN_DIRECT_OBJC_ISA_USAGE = YES_ERROR;
				CLANG_WARN_DOCUMENTATION_COMMENTS = YES;
				CLANG_WARN_EMPTY_BODY = YES;
				CLANG_WARN_ENUM_CONVERSION = YES;
				CLANG_WARN_INFINITE_RECURSION = YES;
				CLANG_WARN_INT_CONVERSION = YES;
				CLANG_WARN_NON_LITERAL_NULL_CONVERSION = YES;
				CLANG_WARN_OBJC_IMPLICIT_RETAIN_SELF = YES;
				CLANG_WARN_OBJC_LITERAL_CONVERSION = YES;
				CLANG_WARN_OBJC_ROOT_CLASS = YES_ERROR;
				CLANG_WARN_QUOTED_INCLUDE_IN_FRAMEWORK_HEADER = YES;
				CLANG_WARN_RANGE_LOOP_ANALYSIS = YES;
				CLANG_WARN_STRICT_PROTOTYPES = YES;
				CLANG_WARN_SUSPICIOUS_MOVE = YES;
				CLANG_WARN_UNGUARDED_AVAILABILITY = YES_AGGRESSIVE;
				CLANG_WARN_UNREACHABLE_CODE = YES;
				CLANG_WARN__DUPLICATE_METHOD_MATCH = YES;
				COPY_PHASE_STRIP = NO;
				DEBUG_INFORMATION_FORMAT = dwarf;
				ENABLE_STRICT_OBJC_MSGSEND = YES;
				ENABLE_TESTABILITY = YES;
				GCC_C_LANGUAGE_STANDARD = gnu11;
				GCC_DYNAMIC_NO_PIC = NO;
				GCC_NO_COMMON_BLOCKS = YES;
				GCC_OPTIMIZATION_LEVEL = 0;
				GCC_PREPROCESSOR_DEFINITIONS = (
					"DEBUG=1",
					"$(inherited)",
				);
				GCC_WARN_64_TO_32_BIT_CONVERSION = YES;
				GCC_WARN_ABOUT_RETURN_TYPE = YES_ERROR;
				GCC_WARN_UNDECLARED_SELECTOR = YES;
				GCC_WARN_UNINITIALIZED_AUTOS = YES_AGGRESSIVE;
				GCC_WARN_UNUSED_FUNCTION = YES;
				GCC_WARN_UNUSED_VARIABLE = YES;
				IPHONEOS_DEPLOYMENT_TARGET = 14.4;
				MTL_ENABLE_DEBUG_INFO = INCLUDE_SOURCE;
				MTL_FAST_MATH = YES;
				ONLY_ACTIVE_ARCH = YES;
				SDKROOT = iphoneos;
				SWIFT_ACTIVE_COMPILATION_CONDITIONS = DEBUG;
				SWIFT_OPTIMIZATION_LEVEL = "-Onone";
			};
			name = Debug;
		};
		27C9710D2629E46000A3F5F1 /* Release */ = {
			isa = XCBuildConfiguration;
			buildSettings = {
				ALWAYS_SEARCH_USER_PATHS = NO;
				CLANG_ANALYZER_NONNULL = YES;
				CLANG_ANALYZER_NUMBER_OBJECT_CONVERSION = YES_AGGRESSIVE;
				CLANG_CXX_LANGUAGE_STANDARD = "gnu++14";
				CLANG_CXX_LIBRARY = "libc++";
				CLANG_ENABLE_MODULES = YES;
				CLANG_ENABLE_OBJC_ARC = YES;
				CLANG_ENABLE_OBJC_WEAK = YES;
				CLANG_WARN_BLOCK_CAPTURE_AUTORELEASING = YES;
				CLANG_WARN_BOOL_CONVERSION = YES;
				CLANG_WARN_COMMA = YES;
				CLANG_WARN_CONSTANT_CONVERSION = YES;
				CLANG_WARN_DEPRECATED_OBJC_IMPLEMENTATIONS = YES;
				CLANG_WARN_DIRECT_OBJC_ISA_USAGE = YES_ERROR;
				CLANG_WARN_DOCUMENTATION_COMMENTS = YES;
				CLANG_WARN_EMPTY_BODY = YES;
				CLANG_WARN_ENUM_CONVERSION = YES;
				CLANG_WARN_INFINITE_RECURSION = YES;
				CLANG_WARN_INT_CONVERSION = YES;
				CLANG_WARN_NON_LITERAL_NULL_CONVERSION = YES;
				CLANG_WARN_OBJC_IMPLICIT_RETAIN_SELF = YES;
				CLANG_WARN_OBJC_LITERAL_CONVERSION = YES;
				CLANG_WARN_OBJC_ROOT_CLASS = YES_ERROR;
				CLANG_WARN_QUOTED_INCLUDE_IN_FRAMEWORK_HEADER = YES;
				CLANG_WARN_RANGE_LOOP_ANALYSIS = YES;
				CLANG_WARN_STRICT_PROTOTYPES = YES;
				CLANG_WARN_SUSPICIOUS_MOVE = YES;
				CLANG_WARN_UNGUARDED_AVAILABILITY = YES_AGGRESSIVE;
				CLANG_WARN_UNREACHABLE_CODE = YES;
				CLANG_WARN__DUPLICATE_METHOD_MATCH = YES;
				COPY_PHASE_STRIP = NO;
				DEBUG_INFORMATION_FORMAT = "dwarf-with-dsym";
				ENABLE_NS_ASSERTIONS = NO;
				ENABLE_STRICT_OBJC_MSGSEND = YES;
				GCC_C_LANGUAGE_STANDARD = gnu11;
				GCC_NO_COMMON_BLOCKS = YES;
				GCC_WARN_64_TO_32_BIT_CONVERSION = YES;
				GCC_WARN_ABOUT_RETURN_TYPE = YES_ERROR;
				GCC_WARN_UNDECLARED_SELECTOR = YES;
				GCC_WARN_UNINITIALIZED_AUTOS = YES_AGGRESSIVE;
				GCC_WARN_UNUSED_FUNCTION = YES;
				GCC_WARN_UNUSED_VARIABLE = YES;
				IPHONEOS_DEPLOYMENT_TARGET = 14.4;
				MTL_ENABLE_DEBUG_INFO = NO;
				MTL_FAST_MATH = YES;
				SDKROOT = iphoneos;
				SWIFT_COMPILATION_MODE = wholemodule;
				SWIFT_OPTIMIZATION_LEVEL = "-O";
				VALIDATE_PRODUCT = YES;
			};
			name = Release;
		};
		27C9710F2629E46000A3F5F1 /* Debug */ = {
			isa = XCBuildConfiguration;
			buildSettings = {
				ASSETCATALOG_COMPILER_APPICON_NAME = AppIcon;
				ASSETCATALOG_COMPILER_GLOBAL_ACCENT_COLOR_NAME = AccentColor;
				CODE_SIGN_STYLE = Automatic;
				INFOPLIST_FILE = WatchSTOX/Info.plist;
				LD_RUNPATH_SEARCH_PATHS = (
					"$(inherited)",
					"@executable_path/Frameworks",
				);
				PRODUCT_BUNDLE_IDENTIFIER = SuperStonks.WatchSTOX;
				PRODUCT_NAME = "$(TARGET_NAME)";
				SWIFT_VERSION = 5.0;
				TARGETED_DEVICE_FAMILY = "1,2";
			};
			name = Debug;
		};
		27C971102629E46000A3F5F1 /* Release */ = {
			isa = XCBuildConfiguration;
			buildSettings = {
				ASSETCATALOG_COMPILER_APPICON_NAME = AppIcon;
				ASSETCATALOG_COMPILER_GLOBAL_ACCENT_COLOR_NAME = AccentColor;
				CODE_SIGN_STYLE = Automatic;
				INFOPLIST_FILE = WatchSTOX/Info.plist;
				LD_RUNPATH_SEARCH_PATHS = (
					"$(inherited)",
					"@executable_path/Frameworks",
				);
				PRODUCT_BUNDLE_IDENTIFIER = SuperStonks.WatchSTOX;
				PRODUCT_NAME = "$(TARGET_NAME)";
				SWIFT_VERSION = 5.0;
				TARGETED_DEVICE_FAMILY = "1,2";
			};
			name = Release;
		};
		27C971122629E46000A3F5F1 /* Debug */ = {
			isa = XCBuildConfiguration;
			buildSettings = {
				ALWAYS_EMBED_SWIFT_STANDARD_LIBRARIES = YES;
				BUNDLE_LOADER = "$(TEST_HOST)";
				CODE_SIGN_STYLE = Automatic;
				INFOPLIST_FILE = WatchSTOXTests/Info.plist;
				IPHONEOS_DEPLOYMENT_TARGET = 14.4;
				LD_RUNPATH_SEARCH_PATHS = (
					"$(inherited)",
					"@executable_path/Frameworks",
					"@loader_path/Frameworks",
				);
				PRODUCT_BUNDLE_IDENTIFIER = SuperStonks.WatchSTOXTests;
				PRODUCT_NAME = "$(TARGET_NAME)";
				SWIFT_VERSION = 5.0;
				TARGETED_DEVICE_FAMILY = "1,2";
				TEST_HOST = "$(BUILT_PRODUCTS_DIR)/WatchSTOX.app/WatchSTOX";
			};
			name = Debug;
		};
		27C971132629E46000A3F5F1 /* Release */ = {
			isa = XCBuildConfiguration;
			buildSettings = {
				ALWAYS_EMBED_SWIFT_STANDARD_LIBRARIES = YES;
				BUNDLE_LOADER = "$(TEST_HOST)";
				CODE_SIGN_STYLE = Automatic;
				INFOPLIST_FILE = WatchSTOXTests/Info.plist;
				IPHONEOS_DEPLOYMENT_TARGET = 14.4;
				LD_RUNPATH_SEARCH_PATHS = (
					"$(inherited)",
					"@executable_path/Frameworks",
					"@loader_path/Frameworks",
				);
				PRODUCT_BUNDLE_IDENTIFIER = SuperStonks.WatchSTOXTests;
				PRODUCT_NAME = "$(TARGET_NAME)";
				SWIFT_VERSION = 5.0;
				TARGETED_DEVICE_FAMILY = "1,2";
				TEST_HOST = "$(BUILT_PRODUCTS_DIR)/WatchSTOX.app/WatchSTOX";
			};
			name = Release;
		};
		27C971152629E46000A3F5F1 /* Debug */ = {
			isa = XCBuildConfiguration;
			buildSettings = {
				ALWAYS_EMBED_SWIFT_STANDARD_LIBRARIES = YES;
				CODE_SIGN_STYLE = Automatic;
				INFOPLIST_FILE = WatchSTOXUITests/Info.plist;
				LD_RUNPATH_SEARCH_PATHS = (
					"$(inherited)",
					"@executable_path/Frameworks",
					"@loader_path/Frameworks",
				);
				PRODUCT_BUNDLE_IDENTIFIER = SuperStonks.WatchSTOXUITests;
				PRODUCT_NAME = "$(TARGET_NAME)";
				SWIFT_VERSION = 5.0;
				TARGETED_DEVICE_FAMILY = "1,2";
				TEST_TARGET_NAME = WatchSTOX;
			};
			name = Debug;
		};
		27C971162629E46000A3F5F1 /* Release */ = {
			isa = XCBuildConfiguration;
			buildSettings = {
				ALWAYS_EMBED_SWIFT_STANDARD_LIBRARIES = YES;
				CODE_SIGN_STYLE = Automatic;
				INFOPLIST_FILE = WatchSTOXUITests/Info.plist;
				LD_RUNPATH_SEARCH_PATHS = (
					"$(inherited)",
					"@executable_path/Frameworks",
					"@loader_path/Frameworks",
				);
				PRODUCT_BUNDLE_IDENTIFIER = SuperStonks.WatchSTOXUITests;
				PRODUCT_NAME = "$(TARGET_NAME)";
				SWIFT_VERSION = 5.0;
				TARGETED_DEVICE_FAMILY = "1,2";
				TEST_TARGET_NAME = WatchSTOX;
			};
			name = Release;
		};
/* End XCBuildConfiguration section */

/* Begin XCConfigurationList section */
		27C970DF2629E45B00A3F5F1 /* Build configuration list for PBXProject "WatchSTOX" */ = {
			isa = XCConfigurationList;
			buildConfigurations = (
				27C9710C2629E46000A3F5F1 /* Debug */,
				27C9710D2629E46000A3F5F1 /* Release */,
			);
			defaultConfigurationIsVisible = 0;
			defaultConfigurationName = Release;
		};
		27C9710E2629E46000A3F5F1 /* Build configuration list for PBXNativeTarget "WatchSTOX" */ = {
			isa = XCConfigurationList;
			buildConfigurations = (
				27C9710F2629E46000A3F5F1 /* Debug */,
				27C971102629E46000A3F5F1 /* Release */,
			);
			defaultConfigurationIsVisible = 0;
			defaultConfigurationName = Release;
		};
		27C971112629E46000A3F5F1 /* Build configuration list for PBXNativeTarget "WatchSTOXTests" */ = {
			isa = XCConfigurationList;
			buildConfigurations = (
				27C971122629E46000A3F5F1 /* Debug */,
				27C971132629E46000A3F5F1 /* Release */,
			);
			defaultConfigurationIsVisible = 0;
			defaultConfigurationName = Release;
		};
		27C971142629E46000A3F5F1 /* Build configuration list for PBXNativeTarget "WatchSTOXUITests" */ = {
			isa = XCConfigurationList;
			buildConfigurations = (
				27C971152629E46000A3F5F1 /* Debug */,
				27C971162629E46000A3F5F1 /* Release */,
			);
			defaultConfigurationIsVisible = 0;
			defaultConfigurationName = Release;
		};
/* End XCConfigurationList section */
	};
	rootObject = 27C970DC2629E45B00A3F5F1 /* Project object */;
}
