// !$*UTF8*$!
{
	archiveVersion = 1;
	classes = {
	};
	objectVersion = 51;
	objects = {

/* Begin PBXBuildFile section */
		05A667058260974B959E3950 /* Pods_WatchSTOXTests.framework in Frameworks */ = {isa = PBXBuildFile; fileRef = 1FEDCF940537F0E02AD36D6E /* Pods_WatchSTOXTests.framework */; };
		27509C01262BCB97004D2722 /* WatchlistViewController.swift in Sources */ = {isa = PBXBuildFile; fileRef = 27509C00262BCB97004D2722 /* WatchlistViewController.swift */; };
		27509C12262BCDCD004D2722 /* FeedViewController.swift in Sources */ = {isa = PBXBuildFile; fileRef = 27509C11262BCDCD004D2722 /* FeedViewController.swift */; };
		27509C1A262BCE48004D2722 /* LoginViewController.swift in Sources */ = {isa = PBXBuildFile; fileRef = 27509C19262BCE48004D2722 /* LoginViewController.swift */; };
		27509C1F262BCED8004D2722 /* WatchlistCell.swift in Sources */ = {isa = PBXBuildFile; fileRef = 27509C1E262BCED8004D2722 /* WatchlistCell.swift */; };
		27548A33262BBC2C00B84E8B /* AppDelegate.swift in Sources */ = {isa = PBXBuildFile; fileRef = 27548A32262BBC2C00B84E8B /* AppDelegate.swift */; };
		27548A35262BBC2C00B84E8B /* SceneDelegate.swift in Sources */ = {isa = PBXBuildFile; fileRef = 27548A34262BBC2C00B84E8B /* SceneDelegate.swift */; };
		27548A37262BBC2C00B84E8B /* ViewController.swift in Sources */ = {isa = PBXBuildFile; fileRef = 27548A36262BBC2C00B84E8B /* ViewController.swift */; };
		27548A3A262BBC2C00B84E8B /* Main.storyboard in Resources */ = {isa = PBXBuildFile; fileRef = 27548A38262BBC2C00B84E8B /* Main.storyboard */; };
		27548A3C262BBC3000B84E8B /* Assets.xcassets in Resources */ = {isa = PBXBuildFile; fileRef = 27548A3B262BBC3000B84E8B /* Assets.xcassets */; };
		27548A3F262BBC3000B84E8B /* LaunchScreen.storyboard in Resources */ = {isa = PBXBuildFile; fileRef = 27548A3D262BBC3000B84E8B /* LaunchScreen.storyboard */; };
		27548A4A262BBC3100B84E8B /* WatchSTOXTests.swift in Sources */ = {isa = PBXBuildFile; fileRef = 27548A49262BBC3100B84E8B /* WatchSTOXTests.swift */; };
		27548A55262BBC3100B84E8B /* WatchSTOXUITests.swift in Sources */ = {isa = PBXBuildFile; fileRef = 27548A54262BBC3100B84E8B /* WatchSTOXUITests.swift */; };
		27582085263B6D040059FE0B /* SearchViewController.swift in Sources */ = {isa = PBXBuildFile; fileRef = 27582084263B6D040059FE0B /* SearchViewController.swift */; };
		2758208A263B6D280059FE0B /* SettingsViewController.swift in Sources */ = {isa = PBXBuildFile; fileRef = 27582089263B6D280059FE0B /* SettingsViewController.swift */; };
		2758208F263B85C70059FE0B /* VerifyViewController.swift in Sources */ = {isa = PBXBuildFile; fileRef = 2758208E263B85C60059FE0B /* VerifyViewController.swift */; };
		27A86B8E2650987B006DCE7A /* StockDetailsViewController.swift in Sources */ = {isa = PBXBuildFile; fileRef = 27A86B8D2650987B006DCE7A /* StockDetailsViewController.swift */; };
		27A86B9326547DD6006DCE7A /* SearchCell.swift in Sources */ = {isa = PBXBuildFile; fileRef = 27A86B9226547DD6006DCE7A /* SearchCell.swift */; };
		27B264112635B0D800633448 /* IEXStock.swift in Sources */ = {isa = PBXBuildFile; fileRef = 27B264102635B0D700633448 /* IEXStock.swift */; };
		781359C586C92D6249367AAD /* Pods_WatchSTOX_WatchSTOXUITests.framework in Frameworks */ = {isa = PBXBuildFile; fileRef = 624CB18D2737011CC72B07B7 /* Pods_WatchSTOX_WatchSTOXUITests.framework */; };
		FAE6253596B0F1B3133EFBBD /* Pods_WatchSTOX.framework in Frameworks */ = {isa = PBXBuildFile; fileRef = 1AD5A7B08FE3771BF9C87CB5 /* Pods_WatchSTOX.framework */; };
/* End PBXBuildFile section */

/* Begin PBXContainerItemProxy section */
		27548A46262BBC3100B84E8B /* PBXContainerItemProxy */ = {
			isa = PBXContainerItemProxy;
			containerPortal = 27548A27262BBC2C00B84E8B /* Project object */;
			proxyType = 1;
			remoteGlobalIDString = 27548A2E262BBC2C00B84E8B;
			remoteInfo = WatchSTOX;
		};
		27548A51262BBC3100B84E8B /* PBXContainerItemProxy */ = {
			isa = PBXContainerItemProxy;
			containerPortal = 27548A27262BBC2C00B84E8B /* Project object */;
			proxyType = 1;
			remoteGlobalIDString = 27548A2E262BBC2C00B84E8B;
			remoteInfo = WatchSTOX;
		};
/* End PBXContainerItemProxy section */

/* Begin PBXFileReference section */
		05656BC4878D27EF2508194F /* Pods-WatchSTOXTests.release.xcconfig */ = {isa = PBXFileReference; includeInIndex = 1; lastKnownFileType = text.xcconfig; name = "Pods-WatchSTOXTests.release.xcconfig"; path = "Target Support Files/Pods-WatchSTOXTests/Pods-WatchSTOXTests.release.xcconfig"; sourceTree = "<group>"; };
		1AD5A7B08FE3771BF9C87CB5 /* Pods_WatchSTOX.framework */ = {isa = PBXFileReference; explicitFileType = wrapper.framework; includeInIndex = 0; path = Pods_WatchSTOX.framework; sourceTree = BUILT_PRODUCTS_DIR; };
		1FEDCF940537F0E02AD36D6E /* Pods_WatchSTOXTests.framework */ = {isa = PBXFileReference; explicitFileType = wrapper.framework; includeInIndex = 0; path = Pods_WatchSTOXTests.framework; sourceTree = BUILT_PRODUCTS_DIR; };
		27509C00262BCB97004D2722 /* WatchlistViewController.swift */ = {isa = PBXFileReference; lastKnownFileType = sourcecode.swift; path = WatchlistViewController.swift; sourceTree = "<group>"; };
		27509C11262BCDCD004D2722 /* FeedViewController.swift */ = {isa = PBXFileReference; lastKnownFileType = sourcecode.swift; path = FeedViewController.swift; sourceTree = "<group>"; };
		27509C19262BCE48004D2722 /* LoginViewController.swift */ = {isa = PBXFileReference; lastKnownFileType = sourcecode.swift; path = LoginViewController.swift; sourceTree = "<group>"; };
		27509C1E262BCED8004D2722 /* WatchlistCell.swift */ = {isa = PBXFileReference; lastKnownFileType = sourcecode.swift; path = WatchlistCell.swift; sourceTree = "<group>"; };
		27548A2F262BBC2C00B84E8B /* WatchSTOX.app */ = {isa = PBXFileReference; explicitFileType = wrapper.application; includeInIndex = 0; path = WatchSTOX.app; sourceTree = BUILT_PRODUCTS_DIR; };
		27548A32262BBC2C00B84E8B /* AppDelegate.swift */ = {isa = PBXFileReference; lastKnownFileType = sourcecode.swift; path = AppDelegate.swift; sourceTree = "<group>"; };
		27548A34262BBC2C00B84E8B /* SceneDelegate.swift */ = {isa = PBXFileReference; lastKnownFileType = sourcecode.swift; path = SceneDelegate.swift; sourceTree = "<group>"; };
		27548A36262BBC2C00B84E8B /* ViewController.swift */ = {isa = PBXFileReference; lastKnownFileType = sourcecode.swift; path = ViewController.swift; sourceTree = "<group>"; };
		27548A39262BBC2C00B84E8B /* Base */ = {isa = PBXFileReference; lastKnownFileType = file.storyboard; name = Base; path = Base.lproj/Main.storyboard; sourceTree = "<group>"; };
		27548A3B262BBC3000B84E8B /* Assets.xcassets */ = {isa = PBXFileReference; lastKnownFileType = folder.assetcatalog; path = Assets.xcassets; sourceTree = "<group>"; };
		27548A3E262BBC3000B84E8B /* Base */ = {isa = PBXFileReference; lastKnownFileType = file.storyboard; name = Base; path = Base.lproj/LaunchScreen.storyboard; sourceTree = "<group>"; };
		27548A40262BBC3000B84E8B /* Info.plist */ = {isa = PBXFileReference; lastKnownFileType = text.plist.xml; path = Info.plist; sourceTree = "<group>"; };
		27548A45262BBC3100B84E8B /* WatchSTOXTests.xctest */ = {isa = PBXFileReference; explicitFileType = wrapper.cfbundle; includeInIndex = 0; path = WatchSTOXTests.xctest; sourceTree = BUILT_PRODUCTS_DIR; };
		27548A49262BBC3100B84E8B /* WatchSTOXTests.swift */ = {isa = PBXFileReference; lastKnownFileType = sourcecode.swift; path = WatchSTOXTests.swift; sourceTree = "<group>"; };
		27548A4B262BBC3100B84E8B /* Info.plist */ = {isa = PBXFileReference; lastKnownFileType = text.plist.xml; path = Info.plist; sourceTree = "<group>"; };
		27548A50262BBC3100B84E8B /* WatchSTOXUITests.xctest */ = {isa = PBXFileReference; explicitFileType = wrapper.cfbundle; includeInIndex = 0; path = WatchSTOXUITests.xctest; sourceTree = BUILT_PRODUCTS_DIR; };
		27548A54262BBC3100B84E8B /* WatchSTOXUITests.swift */ = {isa = PBXFileReference; lastKnownFileType = sourcecode.swift; path = WatchSTOXUITests.swift; sourceTree = "<group>"; };
		27548A56262BBC3100B84E8B /* Info.plist */ = {isa = PBXFileReference; lastKnownFileType = text.plist.xml; path = Info.plist; sourceTree = "<group>"; };
		27582084263B6D040059FE0B /* SearchViewController.swift */ = {isa = PBXFileReference; lastKnownFileType = sourcecode.swift; path = SearchViewController.swift; sourceTree = "<group>"; };
		27582089263B6D280059FE0B /* SettingsViewController.swift */ = {isa = PBXFileReference; lastKnownFileType = sourcecode.swift; path = SettingsViewController.swift; sourceTree = "<group>"; };
		2758208E263B85C60059FE0B /* VerifyViewController.swift */ = {isa = PBXFileReference; lastKnownFileType = sourcecode.swift; path = VerifyViewController.swift; sourceTree = "<group>"; };
		27A86B8D2650987B006DCE7A /* StockDetailsViewController.swift */ = {isa = PBXFileReference; lastKnownFileType = sourcecode.swift; path = StockDetailsViewController.swift; sourceTree = "<group>"; };
		27A86B9226547DD6006DCE7A /* SearchCell.swift */ = {isa = PBXFileReference; lastKnownFileType = sourcecode.swift; path = SearchCell.swift; sourceTree = "<group>"; };
		27B264102635B0D700633448 /* IEXStock.swift */ = {isa = PBXFileReference; lastKnownFileType = sourcecode.swift; path = IEXStock.swift; sourceTree = "<group>"; };
		55111405C6525C66B1092505 /* Pods-WatchSTOX-WatchSTOXUITests.debug.xcconfig */ = {isa = PBXFileReference; includeInIndex = 1; lastKnownFileType = text.xcconfig; name = "Pods-WatchSTOX-WatchSTOXUITests.debug.xcconfig"; path = "Target Support Files/Pods-WatchSTOX-WatchSTOXUITests/Pods-WatchSTOX-WatchSTOXUITests.debug.xcconfig"; sourceTree = "<group>"; };
		624CB18D2737011CC72B07B7 /* Pods_WatchSTOX_WatchSTOXUITests.framework */ = {isa = PBXFileReference; explicitFileType = wrapper.framework; includeInIndex = 0; path = Pods_WatchSTOX_WatchSTOXUITests.framework; sourceTree = BUILT_PRODUCTS_DIR; };
		6CD40EFFD98C29FFF79E4E73 /* Pods-WatchSTOX-WatchSTOXUITests.release.xcconfig */ = {isa = PBXFileReference; includeInIndex = 1; lastKnownFileType = text.xcconfig; name = "Pods-WatchSTOX-WatchSTOXUITests.release.xcconfig"; path = "Target Support Files/Pods-WatchSTOX-WatchSTOXUITests/Pods-WatchSTOX-WatchSTOXUITests.release.xcconfig"; sourceTree = "<group>"; };
		7EDC6FFF67078C2F04DADB73 /* Pods-WatchSTOX.release.xcconfig */ = {isa = PBXFileReference; includeInIndex = 1; lastKnownFileType = text.xcconfig; name = "Pods-WatchSTOX.release.xcconfig"; path = "Target Support Files/Pods-WatchSTOX/Pods-WatchSTOX.release.xcconfig"; sourceTree = "<group>"; };
		8837DAD7E59DC5E5BE5CA908 /* Pods-WatchSTOXTests.debug.xcconfig */ = {isa = PBXFileReference; includeInIndex = 1; lastKnownFileType = text.xcconfig; name = "Pods-WatchSTOXTests.debug.xcconfig"; path = "Target Support Files/Pods-WatchSTOXTests/Pods-WatchSTOXTests.debug.xcconfig"; sourceTree = "<group>"; };
		A102345C8BFD600785DEE249 /* Pods-WatchSTOX.debug.xcconfig */ = {isa = PBXFileReference; includeInIndex = 1; lastKnownFileType = text.xcconfig; name = "Pods-WatchSTOX.debug.xcconfig"; path = "Target Support Files/Pods-WatchSTOX/Pods-WatchSTOX.debug.xcconfig"; sourceTree = "<group>"; };
/* End PBXFileReference section */

/* Begin PBXFrameworksBuildPhase section */
		27548A2C262BBC2C00B84E8B /* Frameworks */ = {
			isa = PBXFrameworksBuildPhase;
			buildActionMask = 2147483647;
			files = (
				FAE6253596B0F1B3133EFBBD /* Pods_WatchSTOX.framework in Frameworks */,
			);
			runOnlyForDeploymentPostprocessing = 0;
		};
		27548A42262BBC3100B84E8B /* Frameworks */ = {
			isa = PBXFrameworksBuildPhase;
			buildActionMask = 2147483647;
			files = (
				05A667058260974B959E3950 /* Pods_WatchSTOXTests.framework in Frameworks */,
			);
			runOnlyForDeploymentPostprocessing = 0;
		};
		27548A4D262BBC3100B84E8B /* Frameworks */ = {
			isa = PBXFrameworksBuildPhase;
			buildActionMask = 2147483647;
			files = (
				781359C586C92D6249367AAD /* Pods_WatchSTOX_WatchSTOXUITests.framework in Frameworks */,
			);
			runOnlyForDeploymentPostprocessing = 0;
		};
/* End PBXFrameworksBuildPhase section */

/* Begin PBXGroup section */
		27548A26262BBC2C00B84E8B = {
			isa = PBXGroup;
			children = (
				27548A31262BBC2C00B84E8B /* WatchSTOX */,
				27548A48262BBC3100B84E8B /* WatchSTOXTests */,
				27548A53262BBC3100B84E8B /* WatchSTOXUITests */,
				27548A30262BBC2C00B84E8B /* Products */,
				923CED215C4F933ECAD9397B /* Pods */,
				B3A8478089F45A51C88C88AD /* Frameworks */,
			);
			sourceTree = "<group>";
		};
		27548A30262BBC2C00B84E8B /* Products */ = {
			isa = PBXGroup;
			children = (
				27548A2F262BBC2C00B84E8B /* WatchSTOX.app */,
				27548A45262BBC3100B84E8B /* WatchSTOXTests.xctest */,
				27548A50262BBC3100B84E8B /* WatchSTOXUITests.xctest */,
			);
			name = Products;
			sourceTree = "<group>";
		};
		27548A31262BBC2C00B84E8B /* WatchSTOX */ = {
			isa = PBXGroup;
			children = (
				27548A32262BBC2C00B84E8B /* AppDelegate.swift */,
				27548A34262BBC2C00B84E8B /* SceneDelegate.swift */,
				27548A36262BBC2C00B84E8B /* ViewController.swift */,
				27548A38262BBC2C00B84E8B /* Main.storyboard */,
				27A86B8D2650987B006DCE7A /* StockDetailsViewController.swift */,
				27548A3B262BBC3000B84E8B /* Assets.xcassets */,
				27548A3D262BBC3000B84E8B /* LaunchScreen.storyboard */,
				27548A40262BBC3000B84E8B /* Info.plist */,
				27509C00262BCB97004D2722 /* WatchlistViewController.swift */,
				27509C11262BCDCD004D2722 /* FeedViewController.swift */,
				27509C19262BCE48004D2722 /* LoginViewController.swift */,
				27509C1E262BCED8004D2722 /* WatchlistCell.swift */,
				27B264102635B0D700633448 /* IEXStock.swift */,
				27582084263B6D040059FE0B /* SearchViewController.swift */,
				27582089263B6D280059FE0B /* SettingsViewController.swift */,
				2758208E263B85C60059FE0B /* VerifyViewController.swift */,
				27A86B9226547DD6006DCE7A /* SearchCell.swift */,
			);
			path = WatchSTOX;
			sourceTree = "<group>";
		};
		27548A48262BBC3100B84E8B /* WatchSTOXTests */ = {
			isa = PBXGroup;
			children = (
				27548A49262BBC3100B84E8B /* WatchSTOXTests.swift */,
				27548A4B262BBC3100B84E8B /* Info.plist */,
			);
			path = WatchSTOXTests;
			sourceTree = "<group>";
		};
		27548A53262BBC3100B84E8B /* WatchSTOXUITests */ = {
			isa = PBXGroup;
			children = (
				27548A54262BBC3100B84E8B /* WatchSTOXUITests.swift */,
				27548A56262BBC3100B84E8B /* Info.plist */,
			);
			path = WatchSTOXUITests;
			sourceTree = "<group>";
		};
		923CED215C4F933ECAD9397B /* Pods */ = {
			isa = PBXGroup;
			children = (
				A102345C8BFD600785DEE249 /* Pods-WatchSTOX.debug.xcconfig */,
				7EDC6FFF67078C2F04DADB73 /* Pods-WatchSTOX.release.xcconfig */,
				55111405C6525C66B1092505 /* Pods-WatchSTOX-WatchSTOXUITests.debug.xcconfig */,
				6CD40EFFD98C29FFF79E4E73 /* Pods-WatchSTOX-WatchSTOXUITests.release.xcconfig */,
				8837DAD7E59DC5E5BE5CA908 /* Pods-WatchSTOXTests.debug.xcconfig */,
				05656BC4878D27EF2508194F /* Pods-WatchSTOXTests.release.xcconfig */,
			);
			path = Pods;
			sourceTree = "<group>";
		};
		B3A8478089F45A51C88C88AD /* Frameworks */ = {
			isa = PBXGroup;
			children = (
				1AD5A7B08FE3771BF9C87CB5 /* Pods_WatchSTOX.framework */,
				624CB18D2737011CC72B07B7 /* Pods_WatchSTOX_WatchSTOXUITests.framework */,
				1FEDCF940537F0E02AD36D6E /* Pods_WatchSTOXTests.framework */,
			);
			name = Frameworks;
			sourceTree = "<group>";
		};
/* End PBXGroup section */

/* Begin PBXNativeTarget section */
		27548A2E262BBC2C00B84E8B /* WatchSTOX */ = {
			isa = PBXNativeTarget;
			buildConfigurationList = 27548A59262BBC3100B84E8B /* Build configuration list for PBXNativeTarget "WatchSTOX" */;
			buildPhases = (
				114B5BBF836030403FB4AA4F /* [CP] Check Pods Manifest.lock */,
				27548A2B262BBC2C00B84E8B /* Sources */,
				27548A2C262BBC2C00B84E8B /* Frameworks */,
				27548A2D262BBC2C00B84E8B /* Resources */,
				79A26B8D3E4A0B2D82A15604 /* [CP] Embed Pods Frameworks */,
			);
			buildRules = (
			);
			dependencies = (
			);
			name = WatchSTOX;
			productName = WatchSTOX;
			productReference = 27548A2F262BBC2C00B84E8B /* WatchSTOX.app */;
			productType = "com.apple.product-type.application";
		};
		27548A44262BBC3100B84E8B /* WatchSTOXTests */ = {
			isa = PBXNativeTarget;
			buildConfigurationList = 27548A5C262BBC3100B84E8B /* Build configuration list for PBXNativeTarget "WatchSTOXTests" */;
			buildPhases = (
				96F5339A0FF0DACC3D62CA37 /* [CP] Check Pods Manifest.lock */,
				27548A41262BBC3100B84E8B /* Sources */,
				27548A42262BBC3100B84E8B /* Frameworks */,
				27548A43262BBC3100B84E8B /* Resources */,
			);
			buildRules = (
			);
			dependencies = (
				27548A47262BBC3100B84E8B /* PBXTargetDependency */,
			);
			name = WatchSTOXTests;
			productName = WatchSTOXTests;
			productReference = 27548A45262BBC3100B84E8B /* WatchSTOXTests.xctest */;
			productType = "com.apple.product-type.bundle.unit-test";
		};
		27548A4F262BBC3100B84E8B /* WatchSTOXUITests */ = {
			isa = PBXNativeTarget;
			buildConfigurationList = 27548A5F262BBC3100B84E8B /* Build configuration list for PBXNativeTarget "WatchSTOXUITests" */;
			buildPhases = (
				C0DC09BCF81AA5921C9EBB33 /* [CP] Check Pods Manifest.lock */,
				27548A4C262BBC3100B84E8B /* Sources */,
				27548A4D262BBC3100B84E8B /* Frameworks */,
				27548A4E262BBC3100B84E8B /* Resources */,
				028EFA108050FF04FF6C3633 /* [CP] Embed Pods Frameworks */,
			);
			buildRules = (
			);
			dependencies = (
				27548A52262BBC3100B84E8B /* PBXTargetDependency */,
			);
			name = WatchSTOXUITests;
			productName = WatchSTOXUITests;
			productReference = 27548A50262BBC3100B84E8B /* WatchSTOXUITests.xctest */;
			productType = "com.apple.product-type.bundle.ui-testing";
		};
/* End PBXNativeTarget section */

/* Begin PBXProject section */
		27548A27262BBC2C00B84E8B /* Project object */ = {
			isa = PBXProject;
			attributes = {
				LastSwiftUpdateCheck = 1240;
				LastUpgradeCheck = 1240;
				TargetAttributes = {
					27548A2E262BBC2C00B84E8B = {
						CreatedOnToolsVersion = 12.4;
					};
					27548A44262BBC3100B84E8B = {
						CreatedOnToolsVersion = 12.4;
						TestTargetID = 27548A2E262BBC2C00B84E8B;
					};
					27548A4F262BBC3100B84E8B = {
						CreatedOnToolsVersion = 12.4;
						TestTargetID = 27548A2E262BBC2C00B84E8B;
					};
				};
			};
			buildConfigurationList = 27548A2A262BBC2C00B84E8B /* Build configuration list for PBXProject "WatchSTOX" */;
			compatibilityVersion = "Xcode 9.3";
			developmentRegion = en;
			hasScannedForEncodings = 0;
			knownRegions = (
				en,
				Base,
			);
			mainGroup = 27548A26262BBC2C00B84E8B;
			productRefGroup = 27548A30262BBC2C00B84E8B /* Products */;
			projectDirPath = "";
			projectRoot = "";
			targets = (
				27548A2E262BBC2C00B84E8B /* WatchSTOX */,
				27548A44262BBC3100B84E8B /* WatchSTOXTests */,
				27548A4F262BBC3100B84E8B /* WatchSTOXUITests */,
			);
		};
/* End PBXProject section */

/* Begin PBXResourcesBuildPhase section */
		27548A2D262BBC2C00B84E8B /* Resources */ = {
			isa = PBXResourcesBuildPhase;
			buildActionMask = 2147483647;
			files = (
				27548A3F262BBC3000B84E8B /* LaunchScreen.storyboard in Resources */,
				27548A3C262BBC3000B84E8B /* Assets.xcassets in Resources */,
				27548A3A262BBC2C00B84E8B /* Main.storyboard in Resources */,
			);
			runOnlyForDeploymentPostprocessing = 0;
		};
		27548A43262BBC3100B84E8B /* Resources */ = {
			isa = PBXResourcesBuildPhase;
			buildActionMask = 2147483647;
			files = (
			);
			runOnlyForDeploymentPostprocessing = 0;
		};
		27548A4E262BBC3100B84E8B /* Resources */ = {
			isa = PBXResourcesBuildPhase;
			buildActionMask = 2147483647;
			files = (
			);
			runOnlyForDeploymentPostprocessing = 0;
		};
/* End PBXResourcesBuildPhase section */

/* Begin PBXShellScriptBuildPhase section */
		028EFA108050FF04FF6C3633 /* [CP] Embed Pods Frameworks */ = {
			isa = PBXShellScriptBuildPhase;
			buildActionMask = 2147483647;
			files = (
			);
			inputFileListPaths = (
				"${PODS_ROOT}/Target Support Files/Pods-WatchSTOX-WatchSTOXUITests/Pods-WatchSTOX-WatchSTOXUITests-frameworks-${CONFIGURATION}-input-files.xcfilelist",
			);
			name = "[CP] Embed Pods Frameworks";
			outputFileListPaths = (
				"${PODS_ROOT}/Target Support Files/Pods-WatchSTOX-WatchSTOXUITests/Pods-WatchSTOX-WatchSTOXUITests-frameworks-${CONFIGURATION}-output-files.xcfilelist",
			);
			runOnlyForDeploymentPostprocessing = 0;
			shellPath = /bin/sh;
			shellScript = "\"${PODS_ROOT}/Target Support Files/Pods-WatchSTOX-WatchSTOXUITests/Pods-WatchSTOX-WatchSTOXUITests-frameworks.sh\"\n";
			showEnvVarsInLog = 0;
		};
		114B5BBF836030403FB4AA4F /* [CP] Check Pods Manifest.lock */ = {
			isa = PBXShellScriptBuildPhase;
			buildActionMask = 2147483647;
			files = (
			);
			inputFileListPaths = (
			);
			inputPaths = (
				"${PODS_PODFILE_DIR_PATH}/Podfile.lock",
				"${PODS_ROOT}/Manifest.lock",
			);
			name = "[CP] Check Pods Manifest.lock";
			outputFileListPaths = (
			);
			outputPaths = (
				"$(DERIVED_FILE_DIR)/Pods-WatchSTOX-checkManifestLockResult.txt",
			);
			runOnlyForDeploymentPostprocessing = 0;
			shellPath = /bin/sh;
			shellScript = "diff \"${PODS_PODFILE_DIR_PATH}/Podfile.lock\" \"${PODS_ROOT}/Manifest.lock\" > /dev/null\nif [ $? != 0 ] ; then\n    # print error to STDERR\n    echo \"error: The sandbox is not in sync with the Podfile.lock. Run 'pod install' or update your CocoaPods installation.\" >&2\n    exit 1\nfi\n# This output is used by Xcode 'outputs' to avoid re-running this script phase.\necho \"SUCCESS\" > \"${SCRIPT_OUTPUT_FILE_0}\"\n";
			showEnvVarsInLog = 0;
		};
		79A26B8D3E4A0B2D82A15604 /* [CP] Embed Pods Frameworks */ = {
			isa = PBXShellScriptBuildPhase;
			buildActionMask = 2147483647;
			files = (
			);
			inputFileListPaths = (
				"${PODS_ROOT}/Target Support Files/Pods-WatchSTOX/Pods-WatchSTOX-frameworks-${CONFIGURATION}-input-files.xcfilelist",
			);
			name = "[CP] Embed Pods Frameworks";
			outputFileListPaths = (
				"${PODS_ROOT}/Target Support Files/Pods-WatchSTOX/Pods-WatchSTOX-frameworks-${CONFIGURATION}-output-files.xcfilelist",
			);
			runOnlyForDeploymentPostprocessing = 0;
			shellPath = /bin/sh;
			shellScript = "\"${PODS_ROOT}/Target Support Files/Pods-WatchSTOX/Pods-WatchSTOX-frameworks.sh\"\n";
			showEnvVarsInLog = 0;
		};
		96F5339A0FF0DACC3D62CA37 /* [CP] Check Pods Manifest.lock */ = {
			isa = PBXShellScriptBuildPhase;
			buildActionMask = 2147483647;
			files = (
			);
			inputFileListPaths = (
			);
			inputPaths = (
				"${PODS_PODFILE_DIR_PATH}/Podfile.lock",
				"${PODS_ROOT}/Manifest.lock",
			);
			name = "[CP] Check Pods Manifest.lock";
			outputFileListPaths = (
			);
			outputPaths = (
				"$(DERIVED_FILE_DIR)/Pods-WatchSTOXTests-checkManifestLockResult.txt",
			);
			runOnlyForDeploymentPostprocessing = 0;
			shellPath = /bin/sh;
			shellScript = "diff \"${PODS_PODFILE_DIR_PATH}/Podfile.lock\" \"${PODS_ROOT}/Manifest.lock\" > /dev/null\nif [ $? != 0 ] ; then\n    # print error to STDERR\n    echo \"error: The sandbox is not in sync with the Podfile.lock. Run 'pod install' or update your CocoaPods installation.\" >&2\n    exit 1\nfi\n# This output is used by Xcode 'outputs' to avoid re-running this script phase.\necho \"SUCCESS\" > \"${SCRIPT_OUTPUT_FILE_0}\"\n";
			showEnvVarsInLog = 0;
		};
		C0DC09BCF81AA5921C9EBB33 /* [CP] Check Pods Manifest.lock */ = {
			isa = PBXShellScriptBuildPhase;
			buildActionMask = 2147483647;
			files = (
			);
			inputFileListPaths = (
			);
			inputPaths = (
				"${PODS_PODFILE_DIR_PATH}/Podfile.lock",
				"${PODS_ROOT}/Manifest.lock",
			);
			name = "[CP] Check Pods Manifest.lock";
			outputFileListPaths = (
			);
			outputPaths = (
				"$(DERIVED_FILE_DIR)/Pods-WatchSTOX-WatchSTOXUITests-checkManifestLockResult.txt",
			);
			runOnlyForDeploymentPostprocessing = 0;
			shellPath = /bin/sh;
			shellScript = "diff \"${PODS_PODFILE_DIR_PATH}/Podfile.lock\" \"${PODS_ROOT}/Manifest.lock\" > /dev/null\nif [ $? != 0 ] ; then\n    # print error to STDERR\n    echo \"error: The sandbox is not in sync with the Podfile.lock. Run 'pod install' or update your CocoaPods installation.\" >&2\n    exit 1\nfi\n# This output is used by Xcode 'outputs' to avoid re-running this script phase.\necho \"SUCCESS\" > \"${SCRIPT_OUTPUT_FILE_0}\"\n";
			showEnvVarsInLog = 0;
		};
/* End PBXShellScriptBuildPhase section */

/* Begin PBXSourcesBuildPhase section */
		27548A2B262BBC2C00B84E8B /* Sources */ = {
			isa = PBXSourcesBuildPhase;
			buildActionMask = 2147483647;
			files = (
				27A86B9326547DD6006DCE7A /* SearchCell.swift in Sources */,
				27A86B8E2650987B006DCE7A /* StockDetailsViewController.swift in Sources */,
				27509C1F262BCED8004D2722 /* WatchlistCell.swift in Sources */,
				27509C1A262BCE48004D2722 /* LoginViewController.swift in Sources */,
				27582085263B6D040059FE0B /* SearchViewController.swift in Sources */,
				2758208F263B85C70059FE0B /* VerifyViewController.swift in Sources */,
				27509C12262BCDCD004D2722 /* FeedViewController.swift in Sources */,
				27B264112635B0D800633448 /* IEXStock.swift in Sources */,
				27509C01262BCB97004D2722 /* WatchlistViewController.swift in Sources */,
				27548A37262BBC2C00B84E8B /* ViewController.swift in Sources */,
				27548A33262BBC2C00B84E8B /* AppDelegate.swift in Sources */,
				27548A35262BBC2C00B84E8B /* SceneDelegate.swift in Sources */,
				2758208A263B6D280059FE0B /* SettingsViewController.swift in Sources */,
			);
			runOnlyForDeploymentPostprocessing = 0;
		};
		27548A41262BBC3100B84E8B /* Sources */ = {
			isa = PBXSourcesBuildPhase;
			buildActionMask = 2147483647;
			files = (
				27548A4A262BBC3100B84E8B /* WatchSTOXTests.swift in Sources */,
			);
			runOnlyForDeploymentPostprocessing = 0;
		};
		27548A4C262BBC3100B84E8B /* Sources */ = {
			isa = PBXSourcesBuildPhase;
			buildActionMask = 2147483647;
			files = (
				27548A55262BBC3100B84E8B /* WatchSTOXUITests.swift in Sources */,
			);
			runOnlyForDeploymentPostprocessing = 0;
		};
/* End PBXSourcesBuildPhase section */

/* Begin PBXTargetDependency section */
		27548A47262BBC3100B84E8B /* PBXTargetDependency */ = {
			isa = PBXTargetDependency;
			target = 27548A2E262BBC2C00B84E8B /* WatchSTOX */;
			targetProxy = 27548A46262BBC3100B84E8B /* PBXContainerItemProxy */;
		};
		27548A52262BBC3100B84E8B /* PBXTargetDependency */ = {
			isa = PBXTargetDependency;
			target = 27548A2E262BBC2C00B84E8B /* WatchSTOX */;
			targetProxy = 27548A51262BBC3100B84E8B /* PBXContainerItemProxy */;
		};
/* End PBXTargetDependency section */

/* Begin PBXVariantGroup section */
		27548A38262BBC2C00B84E8B /* Main.storyboard */ = {
			isa = PBXVariantGroup;
			children = (
				27548A39262BBC2C00B84E8B /* Base */,
			);
			name = Main.storyboard;
			sourceTree = "<group>";
		};
		27548A3D262BBC3000B84E8B /* LaunchScreen.storyboard */ = {
			isa = PBXVariantGroup;
			children = (
				27548A3E262BBC3000B84E8B /* Base */,
			);
			name = LaunchScreen.storyboard;
			sourceTree = "<group>";
		};
/* End PBXVariantGroup section */

/* Begin XCBuildConfiguration section */
		27548A57262BBC3100B84E8B /* Debug */ = {
			isa = XCBuildConfiguration;
			buildSettings = {
				ALWAYS_SEARCH_USER_PATHS = NO;
				CLANG_ANALYZER_NONNULL = YES;
				CLANG_ANALYZER_NUMBER_OBJECT_CONVERSION = YES_AGGRESSIVE;
				CLANG_CXX_LANGUAGE_STANDARD = "gnu++14";
				CLANG_CXX_LIBRARY = "libc++";
				CLANG_ENABLE_MODULES = YES;
				CLANG_ENABLE_OBJC_ARC = YES;
				CLANG_ENABLE_OBJC_WEAK = YES;
				CLANG_WARN_BLOCK_CAPTURE_AUTORELEASING = YES;
				CLANG_WARN_BOOL_CONVERSION = YES;
				CLANG_WARN_COMMA = YES;
				CLANG_WARN_CONSTANT_CONVERSION = YES;
				CLANG_WARN_DEPRECATED_OBJC_IMPLEMENTATIONS = YES;
				CLANG_WARN_DIRECT_OBJC_ISA_USAGE = YES_ERROR;
				CLANG_WARN_DOCUMENTATION_COMMENTS = YES;
				CLANG_WARN_EMPTY_BODY = YES;
				CLANG_WARN_ENUM_CONVERSION = YES;
				CLANG_WARN_INFINITE_RECURSION = YES;
				CLANG_WARN_INT_CONVERSION = YES;
				CLANG_WARN_NON_LITERAL_NULL_CONVERSION = YES;
				CLANG_WARN_OBJC_IMPLICIT_RETAIN_SELF = YES;
				CLANG_WARN_OBJC_LITERAL_CONVERSION = YES;
				CLANG_WARN_OBJC_ROOT_CLASS = YES_ERROR;
				CLANG_WARN_QUOTED_INCLUDE_IN_FRAMEWORK_HEADER = YES;
				CLANG_WARN_RANGE_LOOP_ANALYSIS = YES;
				CLANG_WARN_STRICT_PROTOTYPES = YES;
				CLANG_WARN_SUSPICIOUS_MOVE = YES;
				CLANG_WARN_UNGUARDED_AVAILABILITY = YES_AGGRESSIVE;
				CLANG_WARN_UNREACHABLE_CODE = YES;
				CLANG_WARN__DUPLICATE_METHOD_MATCH = YES;
				COPY_PHASE_STRIP = NO;
				DEBUG_INFORMATION_FORMAT = dwarf;
				ENABLE_STRICT_OBJC_MSGSEND = YES;
				ENABLE_TESTABILITY = YES;
				GCC_C_LANGUAGE_STANDARD = gnu11;
				GCC_DYNAMIC_NO_PIC = NO;
				GCC_NO_COMMON_BLOCKS = YES;
				GCC_OPTIMIZATION_LEVEL = 0;
				GCC_PREPROCESSOR_DEFINITIONS = (
					"DEBUG=1",
					"$(inherited)",
				);
				GCC_WARN_64_TO_32_BIT_CONVERSION = YES;
				GCC_WARN_ABOUT_RETURN_TYPE = YES_ERROR;
				GCC_WARN_UNDECLARED_SELECTOR = YES;
				GCC_WARN_UNINITIALIZED_AUTOS = YES_AGGRESSIVE;
				GCC_WARN_UNUSED_FUNCTION = YES;
				GCC_WARN_UNUSED_VARIABLE = YES;
				IPHONEOS_DEPLOYMENT_TARGET = 14.4;
				MTL_ENABLE_DEBUG_INFO = INCLUDE_SOURCE;
				MTL_FAST_MATH = YES;
				ONLY_ACTIVE_ARCH = YES;
				SDKROOT = iphoneos;
				SWIFT_ACTIVE_COMPILATION_CONDITIONS = DEBUG;
				SWIFT_OPTIMIZATION_LEVEL = "-Onone";
			};
			name = Debug;
		};
		27548A58262BBC3100B84E8B /* Release */ = {
			isa = XCBuildConfiguration;
			buildSettings = {
				ALWAYS_SEARCH_USER_PATHS = NO;
				CLANG_ANALYZER_NONNULL = YES;
				CLANG_ANALYZER_NUMBER_OBJECT_CONVERSION = YES_AGGRESSIVE;
				CLANG_CXX_LANGUAGE_STANDARD = "gnu++14";
				CLANG_CXX_LIBRARY = "libc++";
				CLANG_ENABLE_MODULES = YES;
				CLANG_ENABLE_OBJC_ARC = YES;
				CLANG_ENABLE_OBJC_WEAK = YES;
				CLANG_WARN_BLOCK_CAPTURE_AUTORELEASING = YES;
				CLANG_WARN_BOOL_CONVERSION = YES;
				CLANG_WARN_COMMA = YES;
				CLANG_WARN_CONSTANT_CONVERSION = YES;
				CLANG_WARN_DEPRECATED_OBJC_IMPLEMENTATIONS = YES;
				CLANG_WARN_DIRECT_OBJC_ISA_USAGE = YES_ERROR;
				CLANG_WARN_DOCUMENTATION_COMMENTS = YES;
				CLANG_WARN_EMPTY_BODY = YES;
				CLANG_WARN_ENUM_CONVERSION = YES;
				CLANG_WARN_INFINITE_RECURSION = YES;
				CLANG_WARN_INT_CONVERSION = YES;
				CLANG_WARN_NON_LITERAL_NULL_CONVERSION = YES;
				CLANG_WARN_OBJC_IMPLICIT_RETAIN_SELF = YES;
				CLANG_WARN_OBJC_LITERAL_CONVERSION = YES;
				CLANG_WARN_OBJC_ROOT_CLASS = YES_ERROR;
				CLANG_WARN_QUOTED_INCLUDE_IN_FRAMEWORK_HEADER = YES;
				CLANG_WARN_RANGE_LOOP_ANALYSIS = YES;
				CLANG_WARN_STRICT_PROTOTYPES = YES;
				CLANG_WARN_SUSPICIOUS_MOVE = YES;
				CLANG_WARN_UNGUARDED_AVAILABILITY = YES_AGGRESSIVE;
				CLANG_WARN_UNREACHABLE_CODE = YES;
				CLANG_WARN__DUPLICATE_METHOD_MATCH = YES;
				COPY_PHASE_STRIP = NO;
				DEBUG_INFORMATION_FORMAT = "dwarf-with-dsym";
				ENABLE_NS_ASSERTIONS = NO;
				ENABLE_STRICT_OBJC_MSGSEND = YES;
				GCC_C_LANGUAGE_STANDARD = gnu11;
				GCC_NO_COMMON_BLOCKS = YES;
				GCC_WARN_64_TO_32_BIT_CONVERSION = YES;
				GCC_WARN_ABOUT_RETURN_TYPE = YES_ERROR;
				GCC_WARN_UNDECLARED_SELECTOR = YES;
				GCC_WARN_UNINITIALIZED_AUTOS = YES_AGGRESSIVE;
				GCC_WARN_UNUSED_FUNCTION = YES;
				GCC_WARN_UNUSED_VARIABLE = YES;
				IPHONEOS_DEPLOYMENT_TARGET = 14.4;
				MTL_ENABLE_DEBUG_INFO = NO;
				MTL_FAST_MATH = YES;
				SDKROOT = iphoneos;
				SWIFT_COMPILATION_MODE = wholemodule;
				SWIFT_OPTIMIZATION_LEVEL = "-O";
				VALIDATE_PRODUCT = YES;
			};
			name = Release;
		};
		27548A5A262BBC3100B84E8B /* Debug */ = {
			isa = XCBuildConfiguration;
			baseConfigurationReference = A102345C8BFD600785DEE249 /* Pods-WatchSTOX.debug.xcconfig */;
			buildSettings = {
				ASSETCATALOG_COMPILER_APPICON_NAME = AppIcon;
				ASSETCATALOG_COMPILER_GLOBAL_ACCENT_COLOR_NAME = AccentColor;
				CODE_SIGN_STYLE = Automatic;
				INFOPLIST_FILE = WatchSTOX/Info.plist;
				LD_RUNPATH_SEARCH_PATHS = (
					"$(inherited)",
					"@executable_path/Frameworks",
				);
				PRODUCT_BUNDLE_IDENTIFIER = SuperStonks.WatchSTOX;
				PRODUCT_NAME = "$(TARGET_NAME)";
				SWIFT_VERSION = 5.0;
				TARGETED_DEVICE_FAMILY = "1,2";
			};
			name = Debug;
		};
		27548A5B262BBC3100B84E8B /* Release */ = {
			isa = XCBuildConfiguration;
			baseConfigurationReference = 7EDC6FFF67078C2F04DADB73 /* Pods-WatchSTOX.release.xcconfig */;
			buildSettings = {
				ASSETCATALOG_COMPILER_APPICON_NAME = AppIcon;
				ASSETCATALOG_COMPILER_GLOBAL_ACCENT_COLOR_NAME = AccentColor;
				CODE_SIGN_STYLE = Automatic;
				INFOPLIST_FILE = WatchSTOX/Info.plist;
				LD_RUNPATH_SEARCH_PATHS = (
					"$(inherited)",
					"@executable_path/Frameworks",
				);
				PRODUCT_BUNDLE_IDENTIFIER = SuperStonks.WatchSTOX;
				PRODUCT_NAME = "$(TARGET_NAME)";
				SWIFT_VERSION = 5.0;
				TARGETED_DEVICE_FAMILY = "1,2";
			};
			name = Release;
		};
		27548A5D262BBC3100B84E8B /* Debug */ = {
			isa = XCBuildConfiguration;
			baseConfigurationReference = 8837DAD7E59DC5E5BE5CA908 /* Pods-WatchSTOXTests.debug.xcconfig */;
			buildSettings = {
				ALWAYS_EMBED_SWIFT_STANDARD_LIBRARIES = YES;
				BUNDLE_LOADER = "$(TEST_HOST)";
				CODE_SIGN_STYLE = Automatic;
				INFOPLIST_FILE = WatchSTOXTests/Info.plist;
				IPHONEOS_DEPLOYMENT_TARGET = 14.4;
				LD_RUNPATH_SEARCH_PATHS = (
					"$(inherited)",
					"@executable_path/Frameworks",
					"@loader_path/Frameworks",
				);
				PRODUCT_BUNDLE_IDENTIFIER = SuperStonks.WatchSTOXTests;
				PRODUCT_NAME = "$(TARGET_NAME)";
				SWIFT_VERSION = 5.0;
				TARGETED_DEVICE_FAMILY = "1,2";
				TEST_HOST = "$(BUILT_PRODUCTS_DIR)/WatchSTOX.app/WatchSTOX";
			};
			name = Debug;
		};
		27548A5E262BBC3100B84E8B /* Release */ = {
			isa = XCBuildConfiguration;
			baseConfigurationReference = 05656BC4878D27EF2508194F /* Pods-WatchSTOXTests.release.xcconfig */;
			buildSettings = {
				ALWAYS_EMBED_SWIFT_STANDARD_LIBRARIES = YES;
				BUNDLE_LOADER = "$(TEST_HOST)";
				CODE_SIGN_STYLE = Automatic;
				INFOPLIST_FILE = WatchSTOXTests/Info.plist;
				IPHONEOS_DEPLOYMENT_TARGET = 14.4;
				LD_RUNPATH_SEARCH_PATHS = (
					"$(inherited)",
					"@executable_path/Frameworks",
					"@loader_path/Frameworks",
				);
				PRODUCT_BUNDLE_IDENTIFIER = SuperStonks.WatchSTOXTests;
				PRODUCT_NAME = "$(TARGET_NAME)";
				SWIFT_VERSION = 5.0;
				TARGETED_DEVICE_FAMILY = "1,2";
				TEST_HOST = "$(BUILT_PRODUCTS_DIR)/WatchSTOX.app/WatchSTOX";
			};
			name = Release;
		};
		27548A60262BBC3100B84E8B /* Debug */ = {
			isa = XCBuildConfiguration;
			baseConfigurationReference = 55111405C6525C66B1092505 /* Pods-WatchSTOX-WatchSTOXUITests.debug.xcconfig */;
			buildSettings = {
				ALWAYS_EMBED_SWIFT_STANDARD_LIBRARIES = YES;
				CODE_SIGN_STYLE = Automatic;
				INFOPLIST_FILE = WatchSTOXUITests/Info.plist;
				LD_RUNPATH_SEARCH_PATHS = (
					"$(inherited)",
					"@executable_path/Frameworks",
					"@loader_path/Frameworks",
				);
				PRODUCT_BUNDLE_IDENTIFIER = SuperStonks.WatchSTOXUITests;
				PRODUCT_NAME = "$(TARGET_NAME)";
				SWIFT_VERSION = 5.0;
				TARGETED_DEVICE_FAMILY = "1,2";
				TEST_TARGET_NAME = WatchSTOX;
			};
			name = Debug;
		};
		27548A61262BBC3100B84E8B /* Release */ = {
			isa = XCBuildConfiguration;
			baseConfigurationReference = 6CD40EFFD98C29FFF79E4E73 /* Pods-WatchSTOX-WatchSTOXUITests.release.xcconfig */;
			buildSettings = {
				ALWAYS_EMBED_SWIFT_STANDARD_LIBRARIES = YES;
				CODE_SIGN_STYLE = Automatic;
				INFOPLIST_FILE = WatchSTOXUITests/Info.plist;
				LD_RUNPATH_SEARCH_PATHS = (
					"$(inherited)",
					"@executable_path/Frameworks",
					"@loader_path/Frameworks",
				);
				PRODUCT_BUNDLE_IDENTIFIER = SuperStonks.WatchSTOXUITests;
				PRODUCT_NAME = "$(TARGET_NAME)";
				SWIFT_VERSION = 5.0;
				TARGETED_DEVICE_FAMILY = "1,2";
				TEST_TARGET_NAME = WatchSTOX;
			};
			name = Release;
		};
/* End XCBuildConfiguration section */

/* Begin XCConfigurationList section */
		27548A2A262BBC2C00B84E8B /* Build configuration list for PBXProject "WatchSTOX" */ = {
			isa = XCConfigurationList;
			buildConfigurations = (
				27548A57262BBC3100B84E8B /* Debug */,
				27548A58262BBC3100B84E8B /* Release */,
			);
			defaultConfigurationIsVisible = 0;
			defaultConfigurationName = Release;
		};
		27548A59262BBC3100B84E8B /* Build configuration list for PBXNativeTarget "WatchSTOX" */ = {
			isa = XCConfigurationList;
			buildConfigurations = (
				27548A5A262BBC3100B84E8B /* Debug */,
				27548A5B262BBC3100B84E8B /* Release */,
			);
			defaultConfigurationIsVisible = 0;
			defaultConfigurationName = Release;
		};
		27548A5C262BBC3100B84E8B /* Build configuration list for PBXNativeTarget "WatchSTOXTests" */ = {
			isa = XCConfigurationList;
			buildConfigurations = (
				27548A5D262BBC3100B84E8B /* Debug */,
				27548A5E262BBC3100B84E8B /* Release */,
			);
			defaultConfigurationIsVisible = 0;
			defaultConfigurationName = Release;
		};
		27548A5F262BBC3100B84E8B /* Build configuration list for PBXNativeTarget "WatchSTOXUITests" */ = {
			isa = XCConfigurationList;
			buildConfigurations = (
				27548A60262BBC3100B84E8B /* Debug */,
				27548A61262BBC3100B84E8B /* Release */,
			);
			defaultConfigurationIsVisible = 0;
			defaultConfigurationName = Release;
		};
/* End XCConfigurationList section */
	};
	rootObject = 27548A27262BBC2C00B84E8B /* Project object */;
}
